PODS:
  - KQTaskNetworkManager (0.1.8)

DEPENDENCIES:
  - KQTaskNetworkManager (from `/Users/pse/Documents/Documents - Muhammad MacBook Pro/KamQasim/Development/Interview_Preperation/KQTaskNetworkManager/`)

EXTERNAL SOURCES:
  KQTaskNetworkManager:
    :path: "/Users/pse/Documents/Documents - Muhammad MacBook Pro/KamQasim/Development/Interview_Preperation/KQTaskNetworkManager/"

SPEC CHECKSUMS:
  KQTaskNetworkManager: ab3e5fecac19179409295a01b9408c51e3c38f66

PODFILE CHECKSUM: b2f54010afef5720730f94685f65e76e7b93284d

COCOAPODS: 1.12.1
