PODS:
  - KQTaskNetworkManager (0.1.2)

DEPENDENCIES:
  - KQTaskNetworkManager (from `../`)

EXTERNAL SOURCES:
  KQTaskNetworkManager:
    :path: "../"

SPEC CHECKSUMS:
  KQTaskNetworkManager: af9f463cd8925de7c605376898f59712364c22f1

PODFILE CHECKSUM: 9bb30ef20d5def2bdc2ae053b9fbd57cad459021

COCOAPODS: 1.11.3
