PODS:
  - KQTaskNetworkManager (0.1.1)

DEPENDENCIES:
  - KQTaskNetworkManager (from `../`)

EXTERNAL SOURCES:
  KQTaskNetworkManager:
    :path: "../"

SPEC CHECKSUMS:
  KQTaskNetworkManager: 5baf3a55537951eeec615cbd17243d3bf8564594

PODFILE CHECKSUM: 9bb30ef20d5def2bdc2ae053b9fbd57cad459021

COCOAPODS: 1.11.3
