PODS:
  - KQTaskNetworkManager (0.1.5)

DEPENDENCIES:
  - KQTaskNetworkManager (from `../`)

EXTERNAL SOURCES:
  KQTaskNetworkManager:
    :path: "../"

SPEC CHECKSUMS:
  KQTaskNetworkManager: 5292865e18427c7d9b0a451922893d5bda582de6

PODFILE CHECKSUM: 2242c24d636bb0f4e15dde031090b7e93b4dbe03

COCOAPODS: 1.11.3
